Microsoft Visual Studio Solution File, Format Version 12.00
# Visual Studio Version 18
VisualStudioVersion = 18.6.11819.183 stable
MinimumVisualStudioVersion = 10.0.40219.1
Project("{9A19103F-16F7-4668-BE54-9A1E7A4F7556}") = "BBiCore", "BBiCore\BBiCore.csproj", "{12E4C84F-E501-4070-AE43-8850F75833FC}"
EndProject
Project("{9A19103F-16F7-4668-BE54-9A1E7A4F7556}") = "DemoBBiCore", "DemoBBiCore\DemoBBiCore.csproj", "{5AEF8830-8E18-4E2E-BED7-5663BE5D8F68}"
EndProject
Global
	GlobalSection(SolutionConfigurationPlatforms) = preSolution
		Debug|Any CPU = Debug|Any CPU
		Release|Any CPU = Release|Any CPU
	EndGlobalSection
	GlobalSection(ProjectConfigurationPlatforms) = postSolution
		{12E4C84F-E501-4070-AE43-8850F75833FC}.Debug|Any CPU.ActiveCfg = Debug|Any CPU
		{12E4C84F-E501-4070-AE43-8850F75833FC}.Debug|Any CPU.Build.0 = Debug|Any CPU
		{12E4C84F-E501-4070-AE43-8850F75833FC}.Release|Any CPU.ActiveCfg = Release|Any CPU
		{12E4C84F-E501-4070-AE43-8850F75833FC}.Release|Any CPU.Build.0 = Release|Any CPU
		{5AEF8830-8E18-4E2E-BED7-5663BE5D8F68}.Debug|Any CPU.ActiveCfg = Debug|Any CPU
		{5AEF8830-8E18-4E2E-BED7-5663BE5D8F68}.Debug|Any CPU.Build.0 = Debug|Any CPU
		{5AEF8830-8E18-4E2E-BED7-5663BE5D8F68}.Release|Any CPU.ActiveCfg = Release|Any CPU
		{5AEF8830-8E18-4E2E-BED7-5663BE5D8F68}.Release|Any CPU.Build.0 = Release|Any CPU
	EndGlobalSection
	GlobalSection(SolutionProperties) = preSolution
		HideSolutionNode = FALSE
	EndGlobalSection
EndGlobal
